
Microsoft Visual Studio Solution File, Format Version 12.00
# Visual Studio 14
VisualStudioVersion = 14.0.23107.0
MinimumVisualStudioVersion = 10.0.40219.1
Project("{FAE04EC0-301F-11D3-BF4B-00C04F79EFBC}") = "ASD2 - lab9", "ASD2 - lab9\ASD2 - lab9.csproj", "{CF25726E-C7BF-488A-98A5-4CF9BBB79F27}"
EndProject
Global
	GlobalSection(SolutionConfigurationPlatforms) = preSolution
		Debug|Any CPU = Debug|Any CPU
		Release|Any CPU = Release|Any CPU
	EndGlobalSection
	GlobalSection(ProjectConfigurationPlatforms) = postSolution
		{CF25726E-C7BF-488A-98A5-4CF9BBB79F27}.Debug|Any CPU.ActiveCfg = Debug|Any CPU
		{CF25726E-C7BF-488A-98A5-4CF9BBB79F27}.Debug|Any CPU.Build.0 = Debug|Any CPU
		{CF25726E-C7BF-488A-98A5-4CF9BBB79F27}.Release|Any CPU.ActiveCfg = Release|Any CPU
		{CF25726E-C7BF-488A-98A5-4CF9BBB79F27}.Release|Any CPU.Build.0 = Release|Any CPU
	EndGlobalSection
	GlobalSection(SolutionProperties) = preSolution
		HideSolutionNode = FALSE
	EndGlobalSection
EndGlobal
